PODS:
  - iOSSnapshotTestCase (6.0.3):
    - iOSSnapshotTestCase/SwiftSupport (= 6.0.3)
  - iOSSnapshotTestCase/Core (6.0.3)
  - iOSSnapshotTestCase/SwiftSupport (6.0.3):
    - iOSSnapshotTestCase/Core
  - Nimble (8.0.1)
  - Nimble-Snapshots (7.0.0):
    - Nimble-Snapshots/Core (= 7.0.0)
  - Nimble-Snapshots/Core (7.0.0):
    - iOSSnapshotTestCase (~> 6.0)
    - Nimble (~> 8.0)
  - Quick (2.0.0)
  - SwiftGen (6.1.0)

DEPENDENCIES:
  - Nimble
  - Nimble-Snapshots
  - Quick
  - SwiftGen (~> 6.0)

SPEC REPOS:
  https://github.com/cocoapods/specs.git:
    - iOSSnapshotTestCase
    - Nimble
    - Nimble-Snapshots
    - Quick
    - SwiftGen

SPEC CHECKSUMS:
  iOSSnapshotTestCase: 944a73f6d9676302811a86c0cf35f0e6ef5ab2a0
  Nimble: 45f786ae66faa9a709624227fae502db55a8bdd0
  Nimble-Snapshots: 2d6d712ceb2d1850d88f850fbd7c732618106022
  Quick: ce1276c7c27ba2da3cb2fd0cde053c3648b3b22d
  SwiftGen: f872ca75cbd17bf7103c17f13dcfa0d9a15667b0

PODFILE CHECKSUM: a57f7de780252c0ef63ca90835f01b1cf167f046

COCOAPODS: 1.6.1
