{
  "object": {
    "pins": [
      {
        "package": "CwlCatchException",
        "repositoryURL": "https://github.com/mattgallagher/CwlCatchException.git",
        "state": {
          "branch": null,
          "revision": "35f9e770f54ce62dd8526470f14c6e137cef3eea",
          "version": "2.1.1"
        }
      },
      {
        "package": "CwlPreconditionTesting",
        "repositoryURL": "https://github.com/mattgallagher/CwlPreconditionTesting.git",
        "state": {
          "branch": null,
          "revision": "c21f7bab5ca8eee0a9998bbd17ca1d0eb45d4688",
          "version": "2.1.0"
        }
      },
      {
        "package": "iOSSnapshotTestCase",
        "repositoryURL": "https://github.com/uber/ios-snapshot-test-case.git",
        "state": {
          "branch": null,
          "revision": "7b10770333a961be6e5a41c9ce04b8c6d3990126",
          "version": "8.0.0"
        }
      },
      {
        "package": "Nimble",
        "repositoryURL": "https://github.com/Quick/Nimble.git",
        "state": {
          "branch": null,
          "revision": "1f3bde57bde12f5e7b07909848c071e9b73d6edc",
          "version": "10.0.0"
        }
      },
      {
        "package": "Nimble-Snapshots",
        "repositoryURL": "https://github.com/ashfurrow/Nimble-Snapshots/",
        "state": {
          "branch": null,
          "revision": "315171874edd18935e050fc97a7e6287d0a9c14f",
          "version": "9.4.0"
        }
      },
      {
        "package": "Quick",
        "repositoryURL": "https://github.com/Quick/Quick.git",
        "state": {
          "branch": "main",
          "revision": "7ed1044a070272fe644102bd4f03996f8307c5db",
          "version": null
        }
      }
    ]
  },
  "version": 1
}
